// !$*UTF8*$!
{
	archiveVersion = 1;
	classes = {
	};
	objectVersion = 56;
	objects = {

/* Begin PBXBuildFile section */
		6E6A34BA2CBEE6460020A389 /* GoogleService-Info.plist in Resources */ = {isa = PBXBuildFile; fileRef = 6E6A34B92CBEE6460020A389 /* GoogleService-Info.plist */; };
		6E6A34BE2CBF0B640020A389 /* FirebaseCore in Frameworks */ = {isa = PBXBuildFile; productRef = 6E6A34BD2CBF0B640020A389 /* FirebaseCore */; };
		6E6A34C02CBF0B6A0020A389 /* FirebaseAuth in Frameworks */ = {isa = PBXBuildFile; productRef = 6E6A34BF2CBF0B6A0020A389 /* FirebaseAuth */; };
		6E75FB362CC114E700ACAB6A /* Constants.swift in Sources */ = {isa = PBXBuildFile; fileRef = 6E75FB352CC114E700ACAB6A /* Constants.swift */; };
		6E75FB382CC1223F00ACAB6A /* Message.swift in Sources */ = {isa = PBXBuildFile; fileRef = 6E75FB372CC1223F00ACAB6A /* Message.swift */; };
		6E75FB3B2CC17F7900ACAB6A /* ChatTableViewCell.swift in Sources */ = {isa = PBXBuildFile; fileRef = 6E75FB3A2CC17F7900ACAB6A /* ChatTableViewCell.swift */; };
		6E7CF3B82CBD432400556C52 /* AppDelegate.swift in Sources */ = {isa = PBXBuildFile; fileRef = 6E7CF3B72CBD432400556C52 /* AppDelegate.swift */; };
		6E7CF3BC2CBD432400556C52 /* WelcomeViewController.swift in Sources */ = {isa = PBXBuildFile; fileRef = 6E7CF3BB2CBD432400556C52 /* WelcomeViewController.swift */; };
		6E7CF3C12CBD432500556C52 /* Assets.xcassets in Resources */ = {isa = PBXBuildFile; fileRef = 6E7CF3C02CBD432500556C52 /* Assets.xcassets */; };
		6E7CF3C42CBD432500556C52 /* Base in Resources */ = {isa = PBXBuildFile; fileRef = 6E7CF3C32CBD432500556C52 /* Base */; };
		6E7CF3D32CBD44FE00556C52 /* VCPreview.swift in Sources */ = {isa = PBXBuildFile; fileRef = 6E7CF3D22CBD44FE00556C52 /* VCPreview.swift */; };
		6E7CF3D62CBD45D400556C52 /* UIColor+Extensions.swift in Sources */ = {isa = PBXBuildFile; fileRef = 6E7CF3D52CBD45D400556C52 /* UIColor+Extensions.swift */; };
		6E7CF3D82CBD45EC00556C52 /* UIStackView+Extensions.swift in Sources */ = {isa = PBXBuildFile; fileRef = 6E7CF3D72CBD45EC00556C52 /* UIStackView+Extensions.swift */; };
		6E7CF3DA2CBD4FEA00556C52 /* RegisterViewController.swift in Sources */ = {isa = PBXBuildFile; fileRef = 6E7CF3D92CBD4FEA00556C52 /* RegisterViewController.swift */; };
		6E7CF3DC2CBD502A00556C52 /* LoginViewController.swift in Sources */ = {isa = PBXBuildFile; fileRef = 6E7CF3DB2CBD502A00556C52 /* LoginViewController.swift */; };
		6E7CF3DE2CBD503B00556C52 /* ChatViewController.swift in Sources */ = {isa = PBXBuildFile; fileRef = 6E7CF3DD2CBD503B00556C52 /* ChatViewController.swift */; };
/* End PBXBuildFile section */

/* Begin PBXFileReference section */
		6E6A34B92CBEE6460020A389 /* GoogleService-Info.plist */ = {isa = PBXFileReference; fileEncoding = 4; lastKnownFileType = text.plist.xml; path = "GoogleService-Info.plist"; sourceTree = "<group>"; };
		6E75FB352CC114E700ACAB6A /* Constants.swift */ = {isa = PBXFileReference; lastKnownFileType = sourcecode.swift; path = Constants.swift; sourceTree = "<group>"; };
		6E75FB372CC1223F00ACAB6A /* Message.swift */ = {isa = PBXFileReference; lastKnownFileType = sourcecode.swift; path = Message.swift; sourceTree = "<group>"; };
		6E75FB3A2CC17F7900ACAB6A /* ChatTableViewCell.swift */ = {isa = PBXFileReference; lastKnownFileType = sourcecode.swift; path = ChatTableViewCell.swift; sourceTree = "<group>"; };
		6E7CF3B42CBD432400556C52 /* FlashChat.app */ = {isa = PBXFileReference; explicitFileType = wrapper.application; includeInIndex = 0; path = FlashChat.app; sourceTree = BUILT_PRODUCTS_DIR; };
		6E7CF3B72CBD432400556C52 /* AppDelegate.swift */ = {isa = PBXFileReference; lastKnownFileType = sourcecode.swift; path = AppDelegate.swift; sourceTree = "<group>"; };
		6E7CF3BB2CBD432400556C52 /* WelcomeViewController.swift */ = {isa = PBXFileReference; lastKnownFileType = sourcecode.swift; path = WelcomeViewController.swift; sourceTree = "<group>"; };
		6E7CF3C02CBD432500556C52 /* Assets.xcassets */ = {isa = PBXFileReference; lastKnownFileType = folder.assetcatalog; path = Assets.xcassets; sourceTree = "<group>"; };
		6E7CF3C32CBD432500556C52 /* Base */ = {isa = PBXFileReference; lastKnownFileType = file.storyboard; name = Base; path = Base.lproj/LaunchScreen.storyboard; sourceTree = "<group>"; };
		6E7CF3C52CBD432500556C52 /* Info.plist */ = {isa = PBXFileReference; lastKnownFileType = text.plist.xml; path = Info.plist; sourceTree = "<group>"; };
		6E7CF3D22CBD44FE00556C52 /* VCPreview.swift */ = {isa = PBXFileReference; lastKnownFileType = sourcecode.swift; path = VCPreview.swift; sourceTree = "<group>"; };
		6E7CF3D52CBD45D400556C52 /* UIColor+Extensions.swift */ = {isa = PBXFileReference; lastKnownFileType = sourcecode.swift; path = "UIColor+Extensions.swift"; sourceTree = "<group>"; };
		6E7CF3D72CBD45EC00556C52 /* UIStackView+Extensions.swift */ = {isa = PBXFileReference; lastKnownFileType = sourcecode.swift; path = "UIStackView+Extensions.swift"; sourceTree = "<group>"; };
		6E7CF3D92CBD4FEA00556C52 /* RegisterViewController.swift */ = {isa = PBXFileReference; lastKnownFileType = sourcecode.swift; path = RegisterViewController.swift; sourceTree = "<group>"; };
		6E7CF3DB2CBD502A00556C52 /* LoginViewController.swift */ = {isa = PBXFileReference; lastKnownFileType = sourcecode.swift; path = LoginViewController.swift; sourceTree = "<group>"; };
		6E7CF3DD2CBD503B00556C52 /* ChatViewController.swift */ = {isa = PBXFileReference; lastKnownFileType = sourcecode.swift; path = ChatViewController.swift; sourceTree = "<group>"; };
/* End PBXFileReference section */

/* Begin PBXFrameworksBuildPhase section */
		6E7CF3B12CBD432400556C52 /* Frameworks */ = {
			isa = PBXFrameworksBuildPhase;
			buildActionMask = 2147483647;
			files = (
				6E6A34BE2CBF0B640020A389 /* FirebaseCore in Frameworks */,
				6E6A34C02CBF0B6A0020A389 /* FirebaseAuth in Frameworks */,
			);
			runOnlyForDeploymentPostprocessing = 0;
		};
/* End PBXFrameworksBuildPhase section */

/* Begin PBXGroup section */
		6E6A34BC2CBF0B590020A389 /* Frameworks */ = {
			isa = PBXGroup;
			children = (
			);
			name = Frameworks;
			sourceTree = "<group>";
		};
		6E75FB392CC17F5400ACAB6A /* Cells */ = {
			isa = PBXGroup;
			children = (
				6E75FB3A2CC17F7900ACAB6A /* ChatTableViewCell.swift */,
			);
			path = Cells;
			sourceTree = "<group>";
		};
		6E7CF3AB2CBD432400556C52 = {
			isa = PBXGroup;
			children = (
				6E7CF3B62CBD432400556C52 /* FlashChat */,
				6E7CF3B52CBD432400556C52 /* Products */,
				6E6A34BC2CBF0B590020A389 /* Frameworks */,
			);
			sourceTree = "<group>";
		};
		6E7CF3B52CBD432400556C52 /* Products */ = {
			isa = PBXGroup;
			children = (
				6E7CF3B42CBD432400556C52 /* FlashChat.app */,
			);
			name = Products;
			sourceTree = "<group>";
		};
		6E7CF3B62CBD432400556C52 /* FlashChat */ = {
			isa = PBXGroup;
			children = (
				6E7CF3CB2CBD448F00556C52 /* Application */,
				6E7CF3CC2CBD44A200556C52 /* Models */,
				6E7CF3CE2CBD44B700556C52 /* Views */,
				6E7CF3CD2CBD44A800556C52 /* Controllers */,
				6E7CF3CF2CBD44C400556C52 /* Services */,
				6E7CF3D02CBD44CD00556C52 /* Extensions */,
				6E7CF3D12CBD44DD00556C52 /* Resources */,
				6E7CF3D22CBD44FE00556C52 /* VCPreview.swift */,
			);
			path = FlashChat;
			sourceTree = "<group>";
		};
		6E7CF3CB2CBD448F00556C52 /* Application */ = {
			isa = PBXGroup;
			children = (
				6E7CF3B72CBD432400556C52 /* AppDelegate.swift */,
			);
			path = Application;
			sourceTree = "<group>";
		};
		6E7CF3CC2CBD44A200556C52 /* Models */ = {
			isa = PBXGroup;
			children = (
				6E75FB372CC1223F00ACAB6A /* Message.swift */,
			);
			path = Models;
			sourceTree = "<group>";
		};
		6E7CF3CD2CBD44A800556C52 /* Controllers */ = {
			isa = PBXGroup;
			children = (
				6E7CF3BB2CBD432400556C52 /* WelcomeViewController.swift */,
				6E7CF3D92CBD4FEA00556C52 /* RegisterViewController.swift */,
				6E7CF3DB2CBD502A00556C52 /* LoginViewController.swift */,
				6E7CF3DD2CBD503B00556C52 /* ChatViewController.swift */,
			);
			path = Controllers;
			sourceTree = "<group>";
		};
		6E7CF3CE2CBD44B700556C52 /* Views */ = {
			isa = PBXGroup;
			children = (
				6E75FB392CC17F5400ACAB6A /* Cells */,
			);
			path = Views;
			sourceTree = "<group>";
		};
		6E7CF3CF2CBD44C400556C52 /* Services */ = {
			isa = PBXGroup;
			children = (
			);
			path = Services;
			sourceTree = "<group>";
		};
		6E7CF3D02CBD44CD00556C52 /* Extensions */ = {
			isa = PBXGroup;
			children = (
				6E75FB352CC114E700ACAB6A /* Constants.swift */,
				6E7CF3D42CBD459E00556C52 /* UIKit */,
			);
			path = Extensions;
			sourceTree = "<group>";
		};
		6E7CF3D12CBD44DD00556C52 /* Resources */ = {
			isa = PBXGroup;
			children = (
				6E7CF3C02CBD432500556C52 /* Assets.xcassets */,
				6E7CF3C22CBD432500556C52 /* LaunchScreen.storyboard */,
				6E7CF3C52CBD432500556C52 /* Info.plist */,
				6E6A34B92CBEE6460020A389 /* GoogleService-Info.plist */,
			);
			path = Resources;
			sourceTree = "<group>";
		};
		6E7CF3D42CBD459E00556C52 /* UIKit */ = {
			isa = PBXGroup;
			children = (
				6E7CF3D52CBD45D400556C52 /* UIColor+Extensions.swift */,
				6E7CF3D72CBD45EC00556C52 /* UIStackView+Extensions.swift */,
			);
			path = UIKit;
			sourceTree = "<group>";
		};
/* End PBXGroup section */

/* Begin PBXNativeTarget section */
		6E7CF3B32CBD432400556C52 /* FlashChat */ = {
			isa = PBXNativeTarget;
			buildConfigurationList = 6E7CF3C82CBD432500556C52 /* Build configuration list for PBXNativeTarget "FlashChat" */;
			buildPhases = (
				6E7CF3B02CBD432400556C52 /* Sources */,
				6E7CF3B12CBD432400556C52 /* Frameworks */,
				6E7CF3B22CBD432400556C52 /* Resources */,
			);
			buildRules = (
			);
			dependencies = (
			);
			name = FlashChat;
			packageProductDependencies = (
				6E6A34BD2CBF0B640020A389 /* FirebaseCore */,
				6E6A34BF2CBF0B6A0020A389 /* FirebaseAuth */,
			);
			productName = FlashChat;
			productReference = 6E7CF3B42CBD432400556C52 /* FlashChat.app */;
			productType = "com.apple.product-type.application";
		};
/* End PBXNativeTarget section */

/* Begin PBXProject section */
		6E7CF3AC2CBD432400556C52 /* Project object */ = {
			isa = PBXProject;
			attributes = {
				BuildIndependentTargetsInParallel = 1;
				LastSwiftUpdateCheck = 1540;
				LastUpgradeCheck = 1540;
				TargetAttributes = {
					6E7CF3B32CBD432400556C52 = {
						CreatedOnToolsVersion = 15.4;
					};
				};
			};
			buildConfigurationList = 6E7CF3AF2CBD432400556C52 /* Build configuration list for PBXProject "FlashChat" */;
			compatibilityVersion = "Xcode 14.0";
			developmentRegion = en;
			hasScannedForEncodings = 0;
			knownRegions = (
				en,
				Base,
			);
			mainGroup = 6E7CF3AB2CBD432400556C52;
			packageReferences = (
				6E6A34BB2CBEEFB70020A389 /* XCRemoteSwiftPackageReference "firebase-ios-sdk" */,
			);
			productRefGroup = 6E7CF3B52CBD432400556C52 /* Products */;
			projectDirPath = "";
			projectRoot = "";
			targets = (
				6E7CF3B32CBD432400556C52 /* FlashChat */,
			);
		};
/* End PBXProject section */

/* Begin PBXResourcesBuildPhase section */
		6E7CF3B22CBD432400556C52 /* Resources */ = {
			isa = PBXResourcesBuildPhase;
			buildActionMask = 2147483647;
			files = (
				6E7CF3C12CBD432500556C52 /* Assets.xcassets in Resources */,
				6E7CF3C42CBD432500556C52 /* Base in Resources */,
				6E6A34BA2CBEE6460020A389 /* GoogleService-Info.plist in Resources */,
			);
			runOnlyForDeploymentPostprocessing = 0;
		};
/* End PBXResourcesBuildPhase section */

/* Begin PBXSourcesBuildPhase section */
		6E7CF3B02CBD432400556C52 /* Sources */ = {
			isa = PBXSourcesBuildPhase;
			buildActionMask = 2147483647;
			files = (
				6E7CF3DC2CBD502A00556C52 /* LoginViewController.swift in Sources */,
				6E7CF3BC2CBD432400556C52 /* WelcomeViewController.swift in Sources */,
				6E7CF3DE2CBD503B00556C52 /* ChatViewController.swift in Sources */,
				6E7CF3D32CBD44FE00556C52 /* VCPreview.swift in Sources */,
				6E7CF3D82CBD45EC00556C52 /* UIStackView+Extensions.swift in Sources */,
				6E75FB3B2CC17F7900ACAB6A /* ChatTableViewCell.swift in Sources */,
				6E7CF3DA2CBD4FEA00556C52 /* RegisterViewController.swift in Sources */,
				6E7CF3B82CBD432400556C52 /* AppDelegate.swift in Sources */,
				6E75FB382CC1223F00ACAB6A /* Message.swift in Sources */,
				6E7CF3D62CBD45D400556C52 /* UIColor+Extensions.swift in Sources */,
				6E75FB362CC114E700ACAB6A /* Constants.swift in Sources */,
			);
			runOnlyForDeploymentPostprocessing = 0;
		};
/* End PBXSourcesBuildPhase section */

/* Begin PBXVariantGroup section */
		6E7CF3C22CBD432500556C52 /* LaunchScreen.storyboard */ = {
			isa = PBXVariantGroup;
			children = (
				6E7CF3C32CBD432500556C52 /* Base */,
			);
			name = LaunchScreen.storyboard;
			sourceTree = "<group>";
		};
/* End PBXVariantGroup section */

/* Begin XCBuildConfiguration section */
		6E7CF3C62CBD432500556C52 /* Debug */ = {
			isa = XCBuildConfiguration;
			buildSettings = {
				ALWAYS_SEARCH_USER_PATHS = NO;
				ASSETCATALOG_COMPILER_GENERATE_SWIFT_ASSET_SYMBOL_EXTENSIONS = YES;
				CLANG_ANALYZER_NONNULL = YES;
				CLANG_ANALYZER_NUMBER_OBJECT_CONVERSION = YES_AGGRESSIVE;
				CLANG_CXX_LANGUAGE_STANDARD = "gnu++20";
				CLANG_ENABLE_MODULES = YES;
				CLANG_ENABLE_OBJC_ARC = YES;
				CLANG_ENABLE_OBJC_WEAK = YES;
				CLANG_WARN_BLOCK_CAPTURE_AUTORELEASING = YES;
				CLANG_WARN_BOOL_CONVERSION = YES;
				CLANG_WARN_COMMA = YES;
				CLANG_WARN_CONSTANT_CONVERSION = YES;
				CLANG_WARN_DEPRECATED_OBJC_IMPLEMENTATIONS = YES;
				CLANG_WARN_DIRECT_OBJC_ISA_USAGE = YES_ERROR;
				CLANG_WARN_DOCUMENTATION_COMMENTS = YES;
				CLANG_WARN_EMPTY_BODY = YES;
				CLANG_WARN_ENUM_CONVERSION = YES;
				CLANG_WARN_INFINITE_RECURSION = YES;
				CLANG_WARN_INT_CONVERSION = YES;
				CLANG_WARN_NON_LITERAL_NULL_CONVERSION = YES;
				CLANG_WARN_OBJC_IMPLICIT_RETAIN_SELF = YES;
				CLANG_WARN_OBJC_LITERAL_CONVERSION = YES;
				CLANG_WARN_OBJC_ROOT_CLASS = YES_ERROR;
				CLANG_WARN_QUOTED_INCLUDE_IN_FRAMEWORK_HEADER = YES;
				CLANG_WARN_RANGE_LOOP_ANALYSIS = YES;
				CLANG_WARN_STRICT_PROTOTYPES = YES;
				CLANG_WARN_SUSPICIOUS_MOVE = YES;
				CLANG_WARN_UNGUARDED_AVAILABILITY = YES_AGGRESSIVE;
				CLANG_WARN_UNREACHABLE_CODE = YES;
				CLANG_WARN__DUPLICATE_METHOD_MATCH = YES;
				COPY_PHASE_STRIP = NO;
				DEBUG_INFORMATION_FORMAT = dwarf;
				ENABLE_STRICT_OBJC_MSGSEND = YES;
				ENABLE_TESTABILITY = YES;
				ENABLE_USER_SCRIPT_SANDBOXING = YES;
				GCC_C_LANGUAGE_STANDARD = gnu17;
				GCC_DYNAMIC_NO_PIC = NO;
				GCC_NO_COMMON_BLOCKS = YES;
				GCC_OPTIMIZATION_LEVEL = 0;
				GCC_PREPROCESSOR_DEFINITIONS = (
					"DEBUG=1",
					"$(inherited)",
				);
				GCC_WARN_64_TO_32_BIT_CONVERSION = YES;
				GCC_WARN_ABOUT_RETURN_TYPE = YES_ERROR;
				GCC_WARN_UNDECLARED_SELECTOR = YES;
				GCC_WARN_UNINITIALIZED_AUTOS = YES_AGGRESSIVE;
				GCC_WARN_UNUSED_FUNCTION = YES;
				GCC_WARN_UNUSED_VARIABLE = YES;
				IPHONEOS_DEPLOYMENT_TARGET = 17.5;
				LOCALIZATION_PREFERS_STRING_CATALOGS = YES;
				MTL_ENABLE_DEBUG_INFO = INCLUDE_SOURCE;
				MTL_FAST_MATH = YES;
				ONLY_ACTIVE_ARCH = YES;
				SDKROOT = iphoneos;
				SWIFT_ACTIVE_COMPILATION_CONDITIONS = "DEBUG $(inherited)";
				SWIFT_OPTIMIZATION_LEVEL = "-Onone";
			};
			name = Debug;
		};
		6E7CF3C72CBD432500556C52 /* Release */ = {
			isa = XCBuildConfiguration;
			buildSettings = {
				ALWAYS_SEARCH_USER_PATHS = NO;
				ASSETCATALOG_COMPILER_GENERATE_SWIFT_ASSET_SYMBOL_EXTENSIONS = YES;
				CLANG_ANALYZER_NONNULL = YES;
				CLANG_ANALYZER_NUMBER_OBJECT_CONVERSION = YES_AGGRESSIVE;
				CLANG_CXX_LANGUAGE_STANDARD = "gnu++20";
				CLANG_ENABLE_MODULES = YES;
				CLANG_ENABLE_OBJC_ARC = YES;
				CLANG_ENABLE_OBJC_WEAK = YES;
				CLANG_WARN_BLOCK_CAPTURE_AUTORELEASING = YES;
				CLANG_WARN_BOOL_CONVERSION = YES;
				CLANG_WARN_COMMA = YES;
				CLANG_WARN_CONSTANT_CONVERSION = YES;
				CLANG_WARN_DEPRECATED_OBJC_IMPLEMENTATIONS = YES;
				CLANG_WARN_DIRECT_OBJC_ISA_USAGE = YES_ERROR;
				CLANG_WARN_DOCUMENTATION_COMMENTS = YES;
				CLANG_WARN_EMPTY_BODY = YES;
				CLANG_WARN_ENUM_CONVERSION = YES;
				CLANG_WARN_INFINITE_RECURSION = YES;
				CLANG_WARN_INT_CONVERSION = YES;
				CLANG_WARN_NON_LITERAL_NULL_CONVERSION = YES;
				CLANG_WARN_OBJC_IMPLICIT_RETAIN_SELF = YES;
				CLANG_WARN_OBJC_LITERAL_CONVERSION = YES;
				CLANG_WARN_OBJC_ROOT_CLASS = YES_ERROR;
				CLANG_WARN_QUOTED_INCLUDE_IN_FRAMEWORK_HEADER = YES;
				CLANG_WARN_RANGE_LOOP_ANALYSIS = YES;
				CLANG_WARN_STRICT_PROTOTYPES = YES;
				CLANG_WARN_SUSPICIOUS_MOVE = YES;
				CLANG_WARN_UNGUARDED_AVAILABILITY = YES_AGGRESSIVE;
				CLANG_WARN_UNREACHABLE_CODE = YES;
				CLANG_WARN__DUPLICATE_METHOD_MATCH = YES;
				COPY_PHASE_STRIP = NO;
				DEBUG_INFORMATION_FORMAT = "dwarf-with-dsym";
				ENABLE_NS_ASSERTIONS = NO;
				ENABLE_STRICT_OBJC_MSGSEND = YES;
				ENABLE_USER_SCRIPT_SANDBOXING = YES;
				GCC_C_LANGUAGE_STANDARD = gnu17;
				GCC_NO_COMMON_BLOCKS = YES;
				GCC_WARN_64_TO_32_BIT_CONVERSION = YES;
				GCC_WARN_ABOUT_RETURN_TYPE = YES_ERROR;
				GCC_WARN_UNDECLARED_SELECTOR = YES;
				GCC_WARN_UNINITIALIZED_AUTOS = YES_AGGRESSIVE;
				GCC_WARN_UNUSED_FUNCTION = YES;
				GCC_WARN_UNUSED_VARIABLE = YES;
				IPHONEOS_DEPLOYMENT_TARGET = 17.5;
				LOCALIZATION_PREFERS_STRING_CATALOGS = YES;
				MTL_ENABLE_DEBUG_INFO = NO;
				MTL_FAST_MATH = YES;
				SDKROOT = iphoneos;
				SWIFT_COMPILATION_MODE = wholemodule;
				VALIDATE_PRODUCT = YES;
			};
			name = Release;
		};
		6E7CF3C92CBD432500556C52 /* Debug */ = {
			isa = XCBuildConfiguration;
			buildSettings = {
				ASSETCATALOG_COMPILER_APPICON_NAME = AppIcon;
				ASSETCATALOG_COMPILER_GLOBAL_ACCENT_COLOR_NAME = AccentColor;
				CODE_SIGN_STYLE = Automatic;
				CURRENT_PROJECT_VERSION = 1;
				DEVELOPMENT_TEAM = 38NM7VX6QJ;
				GENERATE_INFOPLIST_FILE = YES;
				INFOPLIST_FILE = FlashChat/Resources/Info.plist;
				INFOPLIST_KEY_UIApplicationSupportsIndirectInputEvents = YES;
				INFOPLIST_KEY_UILaunchStoryboardName = LaunchScreen;
				INFOPLIST_KEY_UISupportedInterfaceOrientations_iPad = "UIInterfaceOrientationPortrait UIInterfaceOrientationPortraitUpsideDown UIInterfaceOrientationLandscapeLeft UIInterfaceOrientationLandscapeRight";
				INFOPLIST_KEY_UISupportedInterfaceOrientations_iPhone = "UIInterfaceOrientationPortrait UIInterfaceOrientationLandscapeLeft UIInterfaceOrientationLandscapeRight";
				LD_RUNPATH_SEARCH_PATHS = (
					"$(inherited)",
					"@executable_path/Frameworks",
				);
				MARKETING_VERSION = 1.0;
				PRODUCT_BUNDLE_IDENTIFIER = com.volgacode.FlashChat;
				PRODUCT_NAME = "$(TARGET_NAME)";
				SUPPORTED_PLATFORMS = "iphoneos iphonesimulator";
				SUPPORTS_MACCATALYST = NO;
				SUPPORTS_MAC_DESIGNED_FOR_IPHONE_IPAD = NO;
				SUPPORTS_XR_DESIGNED_FOR_IPHONE_IPAD = NO;
				SWIFT_EMIT_LOC_STRINGS = YES;
				SWIFT_VERSION = 5.0;
				TARGETED_DEVICE_FAMILY = 1;
			};
			name = Debug;
		};
		6E7CF3CA2CBD432500556C52 /* Release */ = {
			isa = XCBuildConfiguration;
			buildSettings = {
				ASSETCATALOG_COMPILER_APPICON_NAME = AppIcon;
				ASSETCATALOG_COMPILER_GLOBAL_ACCENT_COLOR_NAME = AccentColor;
				CODE_SIGN_STYLE = Automatic;
				CURRENT_PROJECT_VERSION = 1;
				DEVELOPMENT_TEAM = 38NM7VX6QJ;
				GENERATE_INFOPLIST_FILE = YES;
				INFOPLIST_FILE = FlashChat/Resources/Info.plist;
				INFOPLIST_KEY_UIApplicationSupportsIndirectInputEvents = YES;
				INFOPLIST_KEY_UILaunchStoryboardName = LaunchScreen;
				INFOPLIST_KEY_UISupportedInterfaceOrientations_iPad = "UIInterfaceOrientationPortrait UIInterfaceOrientationPortraitUpsideDown UIInterfaceOrientationLandscapeLeft UIInterfaceOrientationLandscapeRight";
				INFOPLIST_KEY_UISupportedInterfaceOrientations_iPhone = "UIInterfaceOrientationPortrait UIInterfaceOrientationLandscapeLeft UIInterfaceOrientationLandscapeRight";
				LD_RUNPATH_SEARCH_PATHS = (
					"$(inherited)",
					"@executable_path/Frameworks",
				);
				MARKETING_VERSION = 1.0;
				PRODUCT_BUNDLE_IDENTIFIER = com.volgacode.FlashChat;
				PRODUCT_NAME = "$(TARGET_NAME)";
				SUPPORTED_PLATFORMS = "iphoneos iphonesimulator";
				SUPPORTS_MACCATALYST = NO;
				SUPPORTS_MAC_DESIGNED_FOR_IPHONE_IPAD = NO;
				SUPPORTS_XR_DESIGNED_FOR_IPHONE_IPAD = NO;
				SWIFT_EMIT_LOC_STRINGS = YES;
				SWIFT_VERSION = 5.0;
				TARGETED_DEVICE_FAMILY = 1;
			};
			name = Release;
		};
/* End XCBuildConfiguration section */

/* Begin XCConfigurationList section */
		6E7CF3AF2CBD432400556C52 /* Build configuration list for PBXProject "FlashChat" */ = {
			isa = XCConfigurationList;
			buildConfigurations = (
				6E7CF3C62CBD432500556C52 /* Debug */,
				6E7CF3C72CBD432500556C52 /* Release */,
			);
			defaultConfigurationIsVisible = 0;
			defaultConfigurationName = Release;
		};
		6E7CF3C82CBD432500556C52 /* Build configuration list for PBXNativeTarget "FlashChat" */ = {
			isa = XCConfigurationList;
			buildConfigurations = (
				6E7CF3C92CBD432500556C52 /* Debug */,
				6E7CF3CA2CBD432500556C52 /* Release */,
			);
			defaultConfigurationIsVisible = 0;
			defaultConfigurationName = Release;
		};
/* End XCConfigurationList section */

/* Begin XCRemoteSwiftPackageReference section */
		6E6A34BB2CBEEFB70020A389 /* XCRemoteSwiftPackageReference "firebase-ios-sdk" */ = {
			isa = XCRemoteSwiftPackageReference;
			repositoryURL = "https://github.com/firebase/firebase-ios-sdk";
			requirement = {
				kind = upToNextMajorVersion;
				minimumVersion = 11.3.0;
			};
		};
/* End XCRemoteSwiftPackageReference section */

/* Begin XCSwiftPackageProductDependency section */
		6E6A34BD2CBF0B640020A389 /* FirebaseCore */ = {
			isa = XCSwiftPackageProductDependency;
			package = 6E6A34BB2CBEEFB70020A389 /* XCRemoteSwiftPackageReference "firebase-ios-sdk" */;
			productName = FirebaseCore;
		};
		6E6A34BF2CBF0B6A0020A389 /* FirebaseAuth */ = {
			isa = XCSwiftPackageProductDependency;
			package = 6E6A34BB2CBEEFB70020A389 /* XCRemoteSwiftPackageReference "firebase-ios-sdk" */;
			productName = FirebaseAuth;
		};
/* End XCSwiftPackageProductDependency section */
	};
	rootObject = 6E7CF3AC2CBD432400556C52 /* Project object */;
}
